// !$*UTF8*$!
{
	archiveVersion = 1;
	classes = {
	};
	objectVersion = 46;
	objects = {

/* Begin PBXBuildFile section */
		11C5547F1A76C0380093F97B /* AppDelegate.swift in Sources */ = {isa = PBXBuildFile; fileRef = 11C5547E1A76C0380093F97B /* AppDelegate.swift */; };
		11C554811A76C0380093F97B /* ViewController.swift in Sources */ = {isa = PBXBuildFile; fileRef = 11C554801A76C0380093F97B /* ViewController.swift */; };
		11C554841A76C0380093F97B /* Main.storyboard in Resources */ = {isa = PBXBuildFile; fileRef = 11C554821A76C0380093F97B /* Main.storyboard */; };
		11C554861A76C0380093F97B /* Images.xcassets in Resources */ = {isa = PBXBuildFile; fileRef = 11C554851A76C0380093F97B /* Images.xcassets */; };
		11C554891A76C0380093F97B /* LaunchScreen.xib in Resources */ = {isa = PBXBuildFile; fileRef = 11C554871A76C0380093F97B /* LaunchScreen.xib */; };
		11C554951A76C0380093F97B /* session208Tests.swift in Sources */ = {isa = PBXBuildFile; fileRef = 11C554941A76C0380093F97B /* session208Tests.swift */; };
		11C5549F1A76C1D00093F97B /* UILoadingIndicator.swift in Sources */ = {isa = PBXBuildFile; fileRef = 11C5549E1A76C1D00093F97B /* UILoadingIndicator.swift */; };
		11C554A11A76C8EB0093F97B /* UIPathFollower.swift in Sources */ = {isa = PBXBuildFile; fileRef = 11C554A01A76C8EB0093F97B /* UIPathFollower.swift */; };
		11C554A31A76CF4C0093F97B /* TexxtFieldViewController.swift in Sources */ = {isa = PBXBuildFile; fileRef = 11C554A21A76CF4C0093F97B /* TexxtFieldViewController.swift */; };
/* End PBXBuildFile section */

/* Begin PBXContainerItemProxy section */
		11C5548F1A76C0380093F97B /* PBXContainerItemProxy */ = {
			isa = PBXContainerItemProxy;
			containerPortal = 11C554711A76C0380093F97B /* Project object */;
			proxyType = 1;
			remoteGlobalIDString = 11C554781A76C0380093F97B;
			remoteInfo = session208;
		};
/* End PBXContainerItemProxy section */

/* Begin PBXFileReference section */
		11C554791A76C0380093F97B /* session208.app */ = {isa = PBXFileReference; explicitFileType = wrapper.application; includeInIndex = 0; path = session208.app; sourceTree = BUILT_PRODUCTS_DIR; };
		11C5547D1A76C0380093F97B /* Info.plist */ = {isa = PBXFileReference; lastKnownFileType = text.plist.xml; path = Info.plist; sourceTree = "<group>"; };
		11C5547E1A76C0380093F97B /* AppDelegate.swift */ = {isa = PBXFileReference; lastKnownFileType = sourcecode.swift; path = AppDelegate.swift; sourceTree = "<group>"; };
		11C554801A76C0380093F97B /* ViewController.swift */ = {isa = PBXFileReference; lastKnownFileType = sourcecode.swift; path = ViewController.swift; sourceTree = "<group>"; };
		11C554831A76C0380093F97B /* Base */ = {isa = PBXFileReference; lastKnownFileType = file.storyboard; name = Base; path = Base.lproj/Main.storyboard; sourceTree = "<group>"; };
		11C554851A76C0380093F97B /* Images.xcassets */ = {isa = PBXFileReference; lastKnownFileType = folder.assetcatalog; path = Images.xcassets; sourceTree = "<group>"; };
		11C554881A76C0380093F97B /* Base */ = {isa = PBXFileReference; lastKnownFileType = file.xib; name = Base; path = Base.lproj/LaunchScreen.xib; sourceTree = "<group>"; };
		11C5548E1A76C0380093F97B /* session208Tests.xctest */ = {isa = PBXFileReference; explicitFileType = wrapper.cfbundle; includeInIndex = 0; path = session208Tests.xctest; sourceTree = BUILT_PRODUCTS_DIR; };
		11C554931A76C0380093F97B /* Info.plist */ = {isa = PBXFileReference; lastKnownFileType = text.plist.xml; path = Info.plist; sourceTree = "<group>"; };
		11C554941A76C0380093F97B /* session208Tests.swift */ = {isa = PBXFileReference; lastKnownFileType = sourcecode.swift; path = session208Tests.swift; sourceTree = "<group>"; };
		11C5549E1A76C1D00093F97B /* UILoadingIndicator.swift */ = {isa = PBXFileReference; fileEncoding = 4; lastKnownFileType = sourcecode.swift; path = UILoadingIndicator.swift; sourceTree = "<group>"; };
		11C554A01A76C8EB0093F97B /* UIPathFollower.swift */ = {isa = PBXFileReference; fileEncoding = 4; lastKnownFileType = sourcecode.swift; path = UIPathFollower.swift; sourceTree = "<group>"; };
		11C554A21A76CF4C0093F97B /* TexxtFieldViewController.swift */ = {isa = PBXFileReference; fileEncoding = 4; lastKnownFileType = sourcecode.swift; path = TexxtFieldViewController.swift; sourceTree = "<group>"; };
/* End PBXFileReference section */

/* Begin PBXFrameworksBuildPhase section */
		11C554761A76C0380093F97B /* Frameworks */ = {
			isa = PBXFrameworksBuildPhase;
			buildActionMask = 2147483647;
			files = (
			);
			runOnlyForDeploymentPostprocessing = 0;
		};
		11C5548B1A76C0380093F97B /* Frameworks */ = {
			isa = PBXFrameworksBuildPhase;
			buildActionMask = 2147483647;
			files = (
			);
			runOnlyForDeploymentPostprocessing = 0;
		};
/* End PBXFrameworksBuildPhase section */

/* Begin PBXGroup section */
		11C554701A76C0380093F97B = {
			isa = PBXGroup;
			children = (
				11C5547B1A76C0380093F97B /* session208 */,
				11C554911A76C0380093F97B /* session208Tests */,
				11C5547A1A76C0380093F97B /* Products */,
			);
			sourceTree = "<group>";
		};
		11C5547A1A76C0380093F97B /* Products */ = {
			isa = PBXGroup;
			children = (
				11C554791A76C0380093F97B /* session208.app */,
				11C5548E1A76C0380093F97B /* session208Tests.xctest */,
			);
			name = Products;
			sourceTree = "<group>";
		};
		11C5547B1A76C0380093F97B /* session208 */ = {
			isa = PBXGroup;
			children = (
				11C5547E1A76C0380093F97B /* AppDelegate.swift */,
				11C554801A76C0380093F97B /* ViewController.swift */,
				11C554821A76C0380093F97B /* Main.storyboard */,
				11C554A21A76CF4C0093F97B /* TexxtFieldViewController.swift */,
				11C554A01A76C8EB0093F97B /* UIPathFollower.swift */,
				11C554851A76C0380093F97B /* Images.xcassets */,
				11C5549E1A76C1D00093F97B /* UILoadingIndicator.swift */,
				11C554871A76C0380093F97B /* LaunchScreen.xib */,
				11C5547C1A76C0380093F97B /* Supporting Files */,
			);
			path = session208;
			sourceTree = "<group>";
		};
		11C5547C1A76C0380093F97B /* Supporting Files */ = {
			isa = PBXGroup;
			children = (
				11C5547D1A76C0380093F97B /* Info.plist */,
			);
			name = "Supporting Files";
			sourceTree = "<group>";
		};
		11C554911A76C0380093F97B /* session208Tests */ = {
			isa = PBXGroup;
			children = (
				11C554941A76C0380093F97B /* session208Tests.swift */,
				11C554921A76C0380093F97B /* Supporting Files */,
			);
			path = session208Tests;
			sourceTree = "<group>";
		};
		11C554921A76C0380093F97B /* Supporting Files */ = {
			isa = PBXGroup;
			children = (
				11C554931A76C0380093F97B /* Info.plist */,
			);
			name = "Supporting Files";
			sourceTree = "<group>";
		};
/* End PBXGroup section */

/* Begin PBXNativeTarget section */
		11C554781A76C0380093F97B /* session208 */ = {
			isa = PBXNativeTarget;
			buildConfigurationList = 11C554981A76C0380093F97B /* Build configuration list for PBXNativeTarget "session208" */;
			buildPhases = (
				11C554751A76C0380093F97B /* Sources */,
				11C554761A76C0380093F97B /* Frameworks */,
				11C554771A76C0380093F97B /* Resources */,
			);
			buildRules = (
			);
			dependencies = (
			);
			name = session208;
			productName = session208;
			productReference = 11C554791A76C0380093F97B /* session208.app */;
			productType = "com.apple.product-type.application";
		};
		11C5548D1A76C0380093F97B /* session208Tests */ = {
			isa = PBXNativeTarget;
			buildConfigurationList = 11C5549B1A76C0380093F97B /* Build configuration list for PBXNativeTarget "session208Tests" */;
			buildPhases = (
				11C5548A1A76C0380093F97B /* Sources */,
				11C5548B1A76C0380093F97B /* Frameworks */,
				11C5548C1A76C0380093F97B /* Resources */,
			);
			buildRules = (
			);
			dependencies = (
				11C554901A76C0380093F97B /* PBXTargetDependency */,
			);
			name = session208Tests;
			productName = session208Tests;
			productReference = 11C5548E1A76C0380093F97B /* session208Tests.xctest */;
			productType = "com.apple.product-type.bundle.unit-test";
		};
/* End PBXNativeTarget section */

/* Begin PBXProject section */
		11C554711A76C0380093F97B /* Project object */ = {
			isa = PBXProject;
			attributes = {
				LastUpgradeCheck = 0610;
				ORGANIZATIONNAME = "Clarence Ji";
				TargetAttributes = {
					11C554781A76C0380093F97B = {
						CreatedOnToolsVersion = 6.1.1;
					};
					11C5548D1A76C0380093F97B = {
						CreatedOnToolsVersion = 6.1.1;
						TestTargetID = 11C554781A76C0380093F97B;
					};
				};
			};
			buildConfigurationList = 11C554741A76C0380093F97B /* Build configuration list for PBXProject "session208" */;
			compatibilityVersion = "Xcode 3.2";
			developmentRegion = English;
			hasScannedForEncodings = 0;
			knownRegions = (
				en,
				Base,
			);
			mainGroup = 11C554701A76C0380093F97B;
			productRefGroup = 11C5547A1A76C0380093F97B /* Products */;
			projectDirPath = "";
			projectRoot = "";
			targets = (
				11C554781A76C0380093F97B /* session208 */,
				11C5548D1A76C0380093F97B /* session208Tests */,
			);
		};
/* End PBXProject section */

/* Begin PBXResourcesBuildPhase section */
		11C554771A76C0380093F97B /* Resources */ = {
			isa = PBXResourcesBuildPhase;
			buildActionMask = 2147483647;
			files = (
				11C554841A76C0380093F97B /* Main.storyboard in Resources */,
				11C554891A76C0380093F97B /* LaunchScreen.xib in Resources */,
				11C554861A76C0380093F97B /* Images.xcassets in Resources */,
			);
			runOnlyForDeploymentPostprocessing = 0;
		};
		11C5548C1A76C0380093F97B /* Resources */ = {
			isa = PBXResourcesBuildPhase;
			buildActionMask = 2147483647;
			files = (
			);
			runOnlyForDeploymentPostprocessing = 0;
		};
/* End PBXResourcesBuildPhase section */

/* Begin PBXSourcesBuildPhase section */
		11C554751A76C0380093F97B /* Sources */ = {
			isa = PBXSourcesBuildPhase;
			buildActionMask = 2147483647;
			files = (
				11C554A11A76C8EB0093F97B /* UIPathFollower.swift in Sources */,
				11C554811A76C0380093F97B /* ViewController.swift in Sources */,
				11C5547F1A76C0380093F97B /* AppDelegate.swift in Sources */,
				11C5549F1A76C1D00093F97B /* UILoadingIndicator.swift in Sources */,
				11C554A31A76CF4C0093F97B /* TexxtFieldViewController.swift in Sources */,
			);
			runOnlyForDeploymentPostprocessing = 0;
		};
		11C5548A1A76C0380093F97B /* Sources */ = {
			isa = PBXSourcesBuildPhase;
			buildActionMask = 2147483647;
			files = (
				11C554951A76C0380093F97B /* session208Tests.swift in Sources */,
			);
			runOnlyForDeploymentPostprocessing = 0;
		};
/* End PBXSourcesBuildPhase section */

/* Begin PBXTargetDependency section */
		11C554901A76C0380093F97B /* PBXTargetDependency */ = {
			isa = PBXTargetDependency;
			target = 11C554781A76C0380093F97B /* session208 */;
			targetProxy = 11C5548F1A76C0380093F97B /* PBXContainerItemProxy */;
		};
/* End PBXTargetDependency section */

/* Begin PBXVariantGroup section */
		11C554821A76C0380093F97B /* Main.storyboard */ = {
			isa = PBXVariantGroup;
			children = (
				11C554831A76C0380093F97B /* Base */,
			);
			name = Main.storyboard;
			sourceTree = "<group>";
		};
		11C554871A76C0380093F97B /* LaunchScreen.xib */ = {
			isa = PBXVariantGroup;
			children = (
				11C554881A76C0380093F97B /* Base */,
			);
			name = LaunchScreen.xib;
			sourceTree = "<group>";
		};
/* End PBXVariantGroup section */

/* Begin XCBuildConfiguration section */
		11C554961A76C0380093F97B /* Debug */ = {
			isa = XCBuildConfiguration;
			buildSettings = {
				ALWAYS_SEARCH_USER_PATHS = NO;
				CLANG_CXX_LANGUAGE_STANDARD = "gnu++0x";
				CLANG_CXX_LIBRARY = "libc++";
				CLANG_ENABLE_MODULES = YES;
				CLANG_ENABLE_OBJC_ARC = YES;
				CLANG_WARN_BOOL_CONVERSION = YES;
				CLANG_WARN_CONSTANT_CONVERSION = YES;
				CLANG_WARN_DIRECT_OBJC_ISA_USAGE = YES_ERROR;
				CLANG_WARN_EMPTY_BODY = YES;
				CLANG_WARN_ENUM_CONVERSION = YES;
				CLANG_WARN_INT_CONVERSION = YES;
				CLANG_WARN_OBJC_ROOT_CLASS = YES_ERROR;
				CLANG_WARN_UNREACHABLE_CODE = YES;
				CLANG_WARN__DUPLICATE_METHOD_MATCH = YES;
				"CODE_SIGN_IDENTITY[sdk=iphoneos*]" = "iPhone Developer";
				COPY_PHASE_STRIP = NO;
				ENABLE_STRICT_OBJC_MSGSEND = YES;
				GCC_C_LANGUAGE_STANDARD = gnu99;
				GCC_DYNAMIC_NO_PIC = NO;
				GCC_OPTIMIZATION_LEVEL = 0;
				GCC_PREPROCESSOR_DEFINITIONS = (
					"DEBUG=1",
					"$(inherited)",
				);
				GCC_SYMBOLS_PRIVATE_EXTERN = NO;
				GCC_WARN_64_TO_32_BIT_CONVERSION = YES;
				GCC_WARN_ABOUT_RETURN_TYPE = YES_ERROR;
				GCC_WARN_UNDECLARED_SELECTOR = YES;
				GCC_WARN_UNINITIALIZED_AUTOS = YES_AGGRESSIVE;
				GCC_WARN_UNUSED_FUNCTION = YES;
				GCC_WARN_UNUSED_VARIABLE = YES;
				IPHONEOS_DEPLOYMENT_TARGET = 8.1;
				MTL_ENABLE_DEBUG_INFO = YES;
				ONLY_ACTIVE_ARCH = YES;
				SDKROOT = iphoneos;
				SWIFT_OPTIMIZATION_LEVEL = "-Onone";
				TARGETED_DEVICE_FAMILY = "1,2";
			};
			name = Debug;
		};
		11C554971A76C0380093F97B /* Release */ = {
			isa = XCBuildConfiguration;
			buildSettings = {
				ALWAYS_SEARCH_USER_PATHS = NO;
				CLANG_CXX_LANGUAGE_STANDARD = "gnu++0x";
				CLANG_CXX_LIBRARY = "libc++";
				CLANG_ENABLE_MODULES = YES;
				CLANG_ENABLE_OBJC_ARC = YES;
				CLANG_WARN_BOOL_CONVERSION = YES;
				CLANG_WARN_CONSTANT_CONVERSION = YES;
				CLANG_WARN_DIRECT_OBJC_ISA_USAGE = YES_ERROR;
				CLANG_WARN_EMPTY_BODY = YES;
				CLANG_WARN_ENUM_CONVERSION = YES;
				CLANG_WARN_INT_CONVERSION = YES;
				CLANG_WARN_OBJC_ROOT_CLASS = YES_ERROR;
				CLANG_WARN_UNREACHABLE_CODE = YES;
				CLANG_WARN__DUPLICATE_METHOD_MATCH = YES;
				"CODE_SIGN_IDENTITY[sdk=iphoneos*]" = "iPhone Developer";
				COPY_PHASE_STRIP = YES;
				ENABLE_NS_ASSERTIONS = NO;
				ENABLE_STRICT_OBJC_MSGSEND = YES;
				GCC_C_LANGUAGE_STANDARD = gnu99;
				GCC_WARN_64_TO_32_BIT_CONVERSION = YES;
				GCC_WARN_ABOUT_RETURN_TYPE = YES_ERROR;
				GCC_WARN_UNDECLARED_SELECTOR = YES;
				GCC_WARN_UNINITIALIZED_AUTOS = YES_AGGRESSIVE;
				GCC_WARN_UNUSED_FUNCTION = YES;
				GCC_WARN_UNUSED_VARIABLE = YES;
				IPHONEOS_DEPLOYMENT_TARGET = 8.1;
				MTL_ENABLE_DEBUG_INFO = NO;
				SDKROOT = iphoneos;
				TARGETED_DEVICE_FAMILY = "1,2";
				VALIDATE_PRODUCT = YES;
			};
			name = Release;
		};
		11C554991A76C0380093F97B /* Debug */ = {
			isa = XCBuildConfiguration;
			buildSettings = {
				ASSETCATALOG_COMPILER_APPICON_NAME = AppIcon;
				INFOPLIST_FILE = session208/Info.plist;
				LD_RUNPATH_SEARCH_PATHS = "$(inherited) @executable_path/Frameworks";
				PRODUCT_NAME = "$(TARGET_NAME)";
			};
			name = Debug;
		};
		11C5549A1A76C0380093F97B /* Release */ = {
			isa = XCBuildConfiguration;
			buildSettings = {
				ASSETCATALOG_COMPILER_APPICON_NAME = AppIcon;
				INFOPLIST_FILE = session208/Info.plist;
				LD_RUNPATH_SEARCH_PATHS = "$(inherited) @executable_path/Frameworks";
				PRODUCT_NAME = "$(TARGET_NAME)";
			};
			name = Release;
		};
		11C5549C1A76C0380093F97B /* Debug */ = {
			isa = XCBuildConfiguration;
			buildSettings = {
				BUNDLE_LOADER = "$(TEST_HOST)";
				FRAMEWORK_SEARCH_PATHS = (
					"$(SDKROOT)/Developer/Library/Frameworks",
					"$(inherited)",
				);
				GCC_PREPROCESSOR_DEFINITIONS = (
					"DEBUG=1",
					"$(inherited)",
				);
				INFOPLIST_FILE = session208Tests/Info.plist;
				LD_RUNPATH_SEARCH_PATHS = "$(inherited) @executable_path/Frameworks @loader_path/Frameworks";
				PRODUCT_NAME = "$(TARGET_NAME)";
				TEST_HOST = "$(BUILT_PRODUCTS_DIR)/session208.app/session208";
			};
			name = Debug;
		};
		11C5549D1A76C0380093F97B /* Release */ = {
			isa = XCBuildConfiguration;
			buildSettings = {
				BUNDLE_LOADER = "$(TEST_HOST)";
				FRAMEWORK_SEARCH_PATHS = (
					"$(SDKROOT)/Developer/Library/Frameworks",
					"$(inherited)",
				);
				INFOPLIST_FILE = session208Tests/Info.plist;
				LD_RUNPATH_SEARCH_PATHS = "$(inherited) @executable_path/Frameworks @loader_path/Frameworks";
				PRODUCT_NAME = "$(TARGET_NAME)";
				TEST_HOST = "$(BUILT_PRODUCTS_DIR)/session208.app/session208";
			};
			name = Release;
		};
/* End XCBuildConfiguration section */

/* Begin XCConfigurationList section */
		11C554741A76C0380093F97B /* Build configuration list for PBXProject "session208" */ = {
			isa = XCConfigurationList;
			buildConfigurations = (
				11C554961A76C0380093F97B /* Debug */,
				11C554971A76C0380093F97B /* Release */,
			);
			defaultConfigurationIsVisible = 0;
			defaultConfigurationName = Release;
		};
		11C554981A76C0380093F97B /* Build configuration list for PBXNativeTarget "session208" */ = {
			isa = XCConfigurationList;
			buildConfigurations = (
				11C554991A76C0380093F97B /* Debug */,
				11C5549A1A76C0380093F97B /* Release */,
			);
			defaultConfigurationIsVisible = 0;
		};
		11C5549B1A76C0380093F97B /* Build configuration list for PBXNativeTarget "session208Tests" */ = {
			isa = XCConfigurationList;
			buildConfigurations = (
				11C5549C1A76C0380093F97B /* Debug */,
				11C5549D1A76C0380093F97B /* Release */,
			);
			defaultConfigurationIsVisible = 0;
		};
/* End XCConfigurationList section */
	};
	rootObject = 11C554711A76C0380093F97B /* Project object */;
}
